
Microsoft Visual Studio Solution File, Format Version 12.00
# Visual Studio Version 16
VisualStudioVersion = 16.0.29509.3
MinimumVisualStudioVersion = 10.0.40219.1
Project("{FAE04EC0-301F-11D3-BF4B-00C04F79EFBC}") = "RepairIconOverlay", "RepairIconOverlay\RepairIconOverlay.csproj", "{8679509B-F34A-4018-B5A1-264C226E535F}"
EndProject
Project("{FAE04EC0-301F-11D3-BF4B-00C04F79EFBC}") = "RepairIconOverlay.Tests", "RepairIconOverlay.Tests\RepairIconOverlay.Tests.csproj", "{5D7D14C7-0692-46C6-8433-42FA2ED2EE98}"
EndProject
Project("{2150E333-8FDC-42A3-9474-1A3956D46DE8}") = "AdditionalItems", "AdditionalItems", "{DB3CBAEB-FD7B-4BCB-9626-4DDAA48F4EE3}"
	ProjectSection(SolutionItems) = preProject
		..\ExampleConfiguration.xml = ..\ExampleConfiguration.xml
	EndProjectSection
EndProject
Global
	GlobalSection(SolutionConfigurationPlatforms) = preSolution
		Debug|x64 = Debug|x64
		Debug|x86 = Debug|x86
		Release|x64 = Release|x64
		Release|x86 = Release|x86
	EndGlobalSection
	GlobalSection(ProjectConfigurationPlatforms) = postSolution
		{8679509B-F34A-4018-B5A1-264C226E535F}.Debug|x64.ActiveCfg = Debug|x64
		{8679509B-F34A-4018-B5A1-264C226E535F}.Debug|x64.Build.0 = Debug|x64
		{8679509B-F34A-4018-B5A1-264C226E535F}.Debug|x86.ActiveCfg = Debug|x86
		{8679509B-F34A-4018-B5A1-264C226E535F}.Debug|x86.Build.0 = Debug|x86
		{8679509B-F34A-4018-B5A1-264C226E535F}.Release|x64.ActiveCfg = Release|x64
		{8679509B-F34A-4018-B5A1-264C226E535F}.Release|x64.Build.0 = Release|x64
		{8679509B-F34A-4018-B5A1-264C226E535F}.Release|x86.ActiveCfg = Release|x86
		{8679509B-F34A-4018-B5A1-264C226E535F}.Release|x86.Build.0 = Release|x86
		{5D7D14C7-0692-46C6-8433-42FA2ED2EE98}.Debug|x64.ActiveCfg = Debug|x64
		{5D7D14C7-0692-46C6-8433-42FA2ED2EE98}.Debug|x64.Build.0 = Debug|x64
		{5D7D14C7-0692-46C6-8433-42FA2ED2EE98}.Debug|x86.ActiveCfg = Debug|x86
		{5D7D14C7-0692-46C6-8433-42FA2ED2EE98}.Debug|x86.Build.0 = Debug|x86
		{5D7D14C7-0692-46C6-8433-42FA2ED2EE98}.Release|x64.ActiveCfg = Release|x64
		{5D7D14C7-0692-46C6-8433-42FA2ED2EE98}.Release|x64.Build.0 = Release|x64
		{5D7D14C7-0692-46C6-8433-42FA2ED2EE98}.Release|x86.ActiveCfg = Release|x86
		{5D7D14C7-0692-46C6-8433-42FA2ED2EE98}.Release|x86.Build.0 = Release|x86
	EndGlobalSection
	GlobalSection(SolutionProperties) = preSolution
		HideSolutionNode = FALSE
	EndGlobalSection
	GlobalSection(ExtensibilityGlobals) = postSolution
		SolutionGuid = {D82CC0E6-3B0F-4C65-B7D2-AB6AF825D056}
	EndGlobalSection
EndGlobal
